Microsoft Visual Studio Solution File, Format Version 12.00
# Visual Studio Version 17
VisualStudioVersion = 17.5.2.0
MinimumVisualStudioVersion = 10.0.40219.1
Project("{FAE04EC0-301F-11D3-BF4B-00C04F79EFBC}") = "task3-delgation", "task3-delgation.csproj", "{37ED90D5-503A-051F-5B7F-B05480051A2E}"
EndProject
Global
	GlobalSection(SolutionConfigurationPlatforms) = preSolution
		Debug|Any CPU = Debug|Any CPU
		Release|Any CPU = Release|Any CPU
	EndGlobalSection
	GlobalSection(ProjectConfigurationPlatforms) = postSolution
		{37ED90D5-503A-051F-5B7F-B05480051A2E}.Debug|Any CPU.ActiveCfg = Debug|Any CPU
		{37ED90D5-503A-051F-5B7F-B05480051A2E}.Debug|Any CPU.Build.0 = Debug|Any CPU
		{37ED90D5-503A-051F-5B7F-B05480051A2E}.Release|Any CPU.ActiveCfg = Release|Any CPU
		{37ED90D5-503A-051F-5B7F-B05480051A2E}.Release|Any CPU.Build.0 = Release|Any CPU
	EndGlobalSection
	GlobalSection(SolutionProperties) = preSolution
		HideSolutionNode = FALSE
	EndGlobalSection
	GlobalSection(ExtensibilityGlobals) = postSolution
		SolutionGuid = {3B61556B-996A-483B-B716-80655D62FA5A}
	EndGlobalSection
EndGlobal
