Microsoft Visual Studio Solution File, Format Version 12.00
# Visual Studio Version 17
VisualStudioVersion = 17.5.2.0
MinimumVisualStudioVersion = 10.0.40219.1
Project("{FAE04EC0-301F-11D3-BF4B-00C04F79EFBC}") = "exp-hldg-multiple-catch-statments", "exp-hldg-multiple-catch-statments.csproj", "{568C2145-6579-895C-AF12-4402D137BC28}"
EndProject
Global
	GlobalSection(SolutionConfigurationPlatforms) = preSolution
		Debug|Any CPU = Debug|Any CPU
		Release|Any CPU = Release|Any CPU
	EndGlobalSection
	GlobalSection(ProjectConfigurationPlatforms) = postSolution
		{568C2145-6579-895C-AF12-4402D137BC28}.Debug|Any CPU.ActiveCfg = Debug|Any CPU
		{568C2145-6579-895C-AF12-4402D137BC28}.Debug|Any CPU.Build.0 = Debug|Any CPU
		{568C2145-6579-895C-AF12-4402D137BC28}.Release|Any CPU.ActiveCfg = Release|Any CPU
		{568C2145-6579-895C-AF12-4402D137BC28}.Release|Any CPU.Build.0 = Release|Any CPU
	EndGlobalSection
	GlobalSection(SolutionProperties) = preSolution
		HideSolutionNode = FALSE
	EndGlobalSection
	GlobalSection(ExtensibilityGlobals) = postSolution
		SolutionGuid = {7C725CB1-0592-4162-8B9A-523A0107C732}
	EndGlobalSection
EndGlobal
