Microsoft Visual Studio Solution File, Format Version 12.00
# Visual Studio Version 17
VisualStudioVersion = 17.5.2.0
MinimumVisualStudioVersion = 10.0.40219.1
Project("{FAE04EC0-301F-11D3-BF4B-00C04F79EFBC}") = "task-8-employee-sa-system", "task-8-employee-sa-system.csproj", "{8D738CD6-1993-6E84-6CBB-9CA5657BCA8A}"
EndProject
Global
	GlobalSection(SolutionConfigurationPlatforms) = preSolution
		Debug|Any CPU = Debug|Any CPU
		Release|Any CPU = Release|Any CPU
	EndGlobalSection
	GlobalSection(ProjectConfigurationPlatforms) = postSolution
		{8D738CD6-1993-6E84-6CBB-9CA5657BCA8A}.Debug|Any CPU.ActiveCfg = Debug|Any CPU
		{8D738CD6-1993-6E84-6CBB-9CA5657BCA8A}.Debug|Any CPU.Build.0 = Debug|Any CPU
		{8D738CD6-1993-6E84-6CBB-9CA5657BCA8A}.Release|Any CPU.ActiveCfg = Release|Any CPU
		{8D738CD6-1993-6E84-6CBB-9CA5657BCA8A}.Release|Any CPU.Build.0 = Release|Any CPU
	EndGlobalSection
	GlobalSection(SolutionProperties) = preSolution
		HideSolutionNode = FALSE
	EndGlobalSection
	GlobalSection(ExtensibilityGlobals) = postSolution
		SolutionGuid = {C54F3E86-5AC7-43B5-9534-DC73CCC468E1}
	EndGlobalSection
EndGlobal
