Microsoft Visual Studio Solution File, Format Version 12.00
# Visual Studio Version 17
VisualStudioVersion = 17.5.2.0
MinimumVisualStudioVersion = 10.0.40219.1
Project("{FAE04EC0-301F-11D3-BF4B-00C04F79EFBC}") = "stringdsort", "stringdsort.csproj", "{7257B04A-20E5-9001-1892-66C7C17BE497}"
EndProject
Global
	GlobalSection(SolutionConfigurationPlatforms) = preSolution
		Debug|Any CPU = Debug|Any CPU
		Release|Any CPU = Release|Any CPU
	EndGlobalSection
	GlobalSection(ProjectConfigurationPlatforms) = postSolution
		{7257B04A-20E5-9001-1892-66C7C17BE497}.Debug|Any CPU.ActiveCfg = Debug|Any CPU
		{7257B04A-20E5-9001-1892-66C7C17BE497}.Debug|Any CPU.Build.0 = Debug|Any CPU
		{7257B04A-20E5-9001-1892-66C7C17BE497}.Release|Any CPU.ActiveCfg = Release|Any CPU
		{7257B04A-20E5-9001-1892-66C7C17BE497}.Release|Any CPU.Build.0 = Release|Any CPU
	EndGlobalSection
	GlobalSection(SolutionProperties) = preSolution
		HideSolutionNode = FALSE
	EndGlobalSection
	GlobalSection(ExtensibilityGlobals) = postSolution
		SolutionGuid = {15F0E61F-8CEF-49BF-AC26-A00B09FE6B62}
	EndGlobalSection
EndGlobal
